
Microsoft Visual Studio Solution File, Format Version 12.00
# Visual Studio Version 16
VisualStudioVersion = 16.0.29306.81
MinimumVisualStudioVersion = 10.0.40219.1
Project("{FAE04EC0-301F-11D3-BF4B-00C04F79EFBC}") = "kjo1_lab1", "kjo1_lab1\kjo1_lab1.csproj", "{91F91BDB-8DE1-4DD4-A795-5C6716338F99}"
EndProject
Global
	GlobalSection(SolutionConfigurationPlatforms) = preSolution
		Debug|Any CPU = Debug|Any CPU
		Release|Any CPU = Release|Any CPU
	EndGlobalSection
	GlobalSection(ProjectConfigurationPlatforms) = postSolution
		{91F91BDB-8DE1-4DD4-A795-5C6716338F99}.Debug|Any CPU.ActiveCfg = Debug|Any CPU
		{91F91BDB-8DE1-4DD4-A795-5C6716338F99}.Debug|Any CPU.Build.0 = Debug|Any CPU
		{91F91BDB-8DE1-4DD4-A795-5C6716338F99}.Release|Any CPU.ActiveCfg = Release|Any CPU
		{91F91BDB-8DE1-4DD4-A795-5C6716338F99}.Release|Any CPU.Build.0 = Release|Any CPU
	EndGlobalSection
	GlobalSection(SolutionProperties) = preSolution
		HideSolutionNode = FALSE
	EndGlobalSection
	GlobalSection(ExtensibilityGlobals) = postSolution
		SolutionGuid = {7500DD94-C30D-4757-8062-E409D5F8E7A1}
	EndGlobalSection
EndGlobal
